
Microsoft Visual Studio Solution File, Format Version 12.00
# Visual Studio Version 17
VisualStudioVersion = 17.4.33110.190
MinimumVisualStudioVersion = 10.0.40219.1
Project("{FAE04EC0-301F-11D3-BF4B-00C04F79EFBC}") = "SistemaWebEmpleado", "SistemaWebEmpleado\SistemaWebEmpleado.csproj", "{13BFA2F1-EF58-4D36-810F-C4D647FDC80A}"
EndProject
Global
	GlobalSection(SolutionConfigurationPlatforms) = preSolution
		Debug|Any CPU = Debug|Any CPU
		Release|Any CPU = Release|Any CPU
	EndGlobalSection
	GlobalSection(ProjectConfigurationPlatforms) = postSolution
		{13BFA2F1-EF58-4D36-810F-C4D647FDC80A}.Debug|Any CPU.ActiveCfg = Debug|Any CPU
		{13BFA2F1-EF58-4D36-810F-C4D647FDC80A}.Debug|Any CPU.Build.0 = Debug|Any CPU
		{13BFA2F1-EF58-4D36-810F-C4D647FDC80A}.Release|Any CPU.ActiveCfg = Release|Any CPU
		{13BFA2F1-EF58-4D36-810F-C4D647FDC80A}.Release|Any CPU.Build.0 = Release|Any CPU
	EndGlobalSection
	GlobalSection(SolutionProperties) = preSolution
		HideSolutionNode = FALSE
	EndGlobalSection
	GlobalSection(ExtensibilityGlobals) = postSolution
		SolutionGuid = {611EEDD7-1EB0-425D-83A6-4FCEA14AE263}
	EndGlobalSection
EndGlobal
